
Microsoft Visual Studio Solution File, Format Version 12.00
# Visual Studio 14
VisualStudioVersion = 14.0.25420.1
MinimumVisualStudioVersion = 10.0.40219.1
Project("{FAE04EC0-301F-11D3-BF4B-00C04F79EFBC}") = "MySignalRProject", "MySignalRProject\MySignalRProject.csproj", "{3C4E8E64-F38A-4D1D-BFEF-7791DE911987}"
EndProject
Project("{2150E333-8FDC-42A3-9474-1A3956D46DE8}") = "PublishScripts", "PublishScripts", "{235DB9BE-89B5-4C77-B252-8C4CCC413EC3}"
EndProject
Project("{2150E333-8FDC-42A3-9474-1A3956D46DE8}") = "Scripts", "Scripts", "{77370CD4-7BD4-40F7-8BD5-EDC877EEAC86}"
	ProjectSection(SolutionItems) = preProject
		PublishScripts\Scripts\Deploy-AzureResourceGroup.ps1 = PublishScripts\Scripts\Deploy-AzureResourceGroup.ps1
	EndProjectSection
EndProject
Project("{2150E333-8FDC-42A3-9474-1A3956D46DE8}") = "Templates", "Templates", "{FB8A64BF-825E-4E50-BFF1-24BE9D0A2AB9}"
	ProjectSection(SolutionItems) = preProject
		PublishScripts\Templates\MySignalRProject.json = PublishScripts\Templates\MySignalRProject.json
		PublishScripts\Templates\MySignalRProject.param.dev.json = PublishScripts\Templates\MySignalRProject.param.dev.json
	EndProjectSection
EndProject
Global
	GlobalSection(SolutionConfigurationPlatforms) = preSolution
		Debug|Any CPU = Debug|Any CPU
		Release|Any CPU = Release|Any CPU
	EndGlobalSection
	GlobalSection(ProjectConfigurationPlatforms) = postSolution
		{3C4E8E64-F38A-4D1D-BFEF-7791DE911987}.Debug|Any CPU.ActiveCfg = Debug|Any CPU
		{3C4E8E64-F38A-4D1D-BFEF-7791DE911987}.Debug|Any CPU.Build.0 = Debug|Any CPU
		{3C4E8E64-F38A-4D1D-BFEF-7791DE911987}.Release|Any CPU.ActiveCfg = Release|Any CPU
		{3C4E8E64-F38A-4D1D-BFEF-7791DE911987}.Release|Any CPU.Build.0 = Release|Any CPU
	EndGlobalSection
	GlobalSection(SolutionProperties) = preSolution
		HideSolutionNode = FALSE
	EndGlobalSection
	GlobalSection(NestedProjects) = preSolution
		{77370CD4-7BD4-40F7-8BD5-EDC877EEAC86} = {235DB9BE-89B5-4C77-B252-8C4CCC413EC3}
		{FB8A64BF-825E-4E50-BFF1-24BE9D0A2AB9} = {235DB9BE-89B5-4C77-B252-8C4CCC413EC3}
	EndGlobalSection
EndGlobal
